
Microsoft Visual Studio Solution File, Format Version 12.00
# Visual Studio Version 17
VisualStudioVersion = 17.14.36414.22
MinimumVisualStudioVersion = 10.0.40219.1
Project("{FAE04EC0-301F-11D3-BF4B-00C04F79EFBC}") = "WorkflowCore.Monitor", "WorkflowCore.Monitor\WorkflowCore.Monitor.csproj", "{19707D8A-FAE3-4C7C-8E7E-8FA7D52401DE}"
EndProject
Project("{FAE04EC0-301F-11D3-BF4B-00C04F79EFBC}") = "WorkflowCore", "workflow-core\src\WorkflowCore\WorkflowCore.csproj", "{DDF70FB3-FCE0-4635-33B2-04FF9527C8BE}"
EndProject
Project("{2150E333-8FDC-42A3-9474-1A3956D46DE8}") = "Solution Folder", "Solution Folder", "{02EA681E-C7D8-13C7-8484-4AC65E1B71E8}"
EndProject
Global
	GlobalSection(SolutionConfigurationPlatforms) = preSolution
		Debug|Any CPU = Debug|Any CPU
		Release|Any CPU = Release|Any CPU
	EndGlobalSection
	GlobalSection(ProjectConfigurationPlatforms) = postSolution
		{19707D8A-FAE3-4C7C-8E7E-8FA7D52401DE}.Debug|Any CPU.ActiveCfg = Debug|Any CPU
		{19707D8A-FAE3-4C7C-8E7E-8FA7D52401DE}.Debug|Any CPU.Build.0 = Debug|Any CPU
		{19707D8A-FAE3-4C7C-8E7E-8FA7D52401DE}.Release|Any CPU.ActiveCfg = Release|Any CPU
		{19707D8A-FAE3-4C7C-8E7E-8FA7D52401DE}.Release|Any CPU.Build.0 = Release|Any CPU
		{DDF70FB3-FCE0-4635-33B2-04FF9527C8BE}.Debug|Any CPU.ActiveCfg = Debug|Any CPU
		{DDF70FB3-FCE0-4635-33B2-04FF9527C8BE}.Debug|Any CPU.Build.0 = Debug|Any CPU
		{DDF70FB3-FCE0-4635-33B2-04FF9527C8BE}.Release|Any CPU.ActiveCfg = Release|Any CPU
		{DDF70FB3-FCE0-4635-33B2-04FF9527C8BE}.Release|Any CPU.Build.0 = Release|Any CPU
	EndGlobalSection
	GlobalSection(SolutionProperties) = preSolution
		HideSolutionNode = FALSE
	EndGlobalSection
	GlobalSection(ExtensibilityGlobals) = postSolution
		SolutionGuid = {1CB173CA-B3B1-479D-9583-E5C67FCAEB3F}
	EndGlobalSection
EndGlobal
